# This file is automatically @generated by Cargo.
# It is not intended for manual editing.
version = 4

[[package]]
name = "sightlint-cli"
version = "0.0.0"
dependencies = [
 "sightlint-engine",
]

[[package]]
name = "sightlint-engine"
version = "0.0.0"
dependencies = [
 "sightlint-ir",
]

[[package]]
name = "sightlint-ir"
version = "0.0.0"
