{
  "name": "@sightlint/adapter-perception",
  "version": "0.1.0",
  "lockfileVersion": 3,
  "requires": true,
  "packages": {
    "": {
      "name": "@sightlint/adapter-perception",
      "version": "0.1.0",
      "license": "MIT OR Apache-2.0",
      "bin": {
        "sightlint-perception": "src/cli.mjs"
      },
      "engines": {
        "node": ">=20 <25"
      }
    }
  }
}
